{
  "version": 4,
  "terraform_version": "1.5.5",
  "serial": 9,
  "lineage": "e7ddcc4b-479f-5667-bbc3-efeb648a91b7",
  "outputs": {
    "gitlab_group_access_token": {
      "value": "glpat-Z1s_xaVuTwaiuqJK-LRa",
      "type": "string"
    },
    "gitlab_user_id": {
      "value": "2",
      "type": "string"
    },
    "group_deploy_token": {
      "value": "4cQpxVAHBEWd2GFMgWHU",
      "type": "string",
      "sensitive": true
    },
    "group_url": {
      "value": "https://gitlab.kwds.net.ua/groups/2206_WA",
      "type": "string"
    },
    "project_deploy_tokene": {
      "value": "4ZsRLc8sXVQ4pKVBQtAv",
      "type": "string",
      "sensitive": true
    },
    "project_url": {
      "value": "https://gitlab.kwds.net.ua/2206_WA/2206_WA_Gen_by_Terraform",
      "type": "string"
    }
  },
  "resources": [
    {
      "module": "module.gitlab",
      "mode": "data",
      "type": "gitlab_user",
      "name": "get_gtl_user",
      "provider": "provider[\"registry.terraform.io/gitlabhq/gitlab\"]",
      "instances": [
        {
          "schema_version": 0,
          "attributes": {
            "avatar_url": "https://gitlab.kwds.net.ua/uploads/-/system/user/avatar/2/photo_2022-12-26_14-25-00.jpg",
            "bio": "",
            "can_create_group": true,
            "can_create_project": true,
            "color_scheme_id": 1,
            "created_at": "2023-08-21 08:11:07.564 +0000 UTC",
            "current_sign_in_at": null,
            "email": "kycherr@gmail.com",
            "extern_uid": "",
            "external": false,
            "id": "2",
            "is_admin": true,
            "last_sign_in_at": null,
            "linkedin": "",
            "location": "",
            "name": "Vadym Slobodianiuk",
            "namespace_id": 2,
            "note": "",
            "organization": "",
            "projects_limit": 100000,
            "skype": "",
            "state": "active",
            "theme_id": 1,
            "twitter": "",
            "two_factor_enabled": false,
            "user_id": 2,
            "user_provider": "",
            "username": "kycherr",
            "website_url": ""
          },
          "sensitive_attributes": []
        }
      ]
    },
    {
      "module": "module.gitlab",
      "mode": "managed",
      "type": "gitlab_branch",
      "name": "gtl_pr_br",
      "provider": "provider[\"registry.terraform.io/gitlabhq/gitlab\"]",
      "instances": [
        {
          "schema_version": 0,
          "attributes": {
            "can_push": true,
            "commit": [
              {
                "author_email": "kycherr@gmail.com",
                "author_name": "Vadym Slobodianiuk",
                "authored_date": "2023-08-21T12:13:25Z",
                "committed_date": "2023-08-21T12:13:25Z",
                "committer_email": "kycherr@gmail.com",
                "committer_name": "Vadym Slobodianiuk",
                "id": "4424b27eab13c2d08a0078348cec2359b6aa7bec",
                "message": "Initial commit",
                "parent_ids": [],
                "short_id": "4424b27e",
                "title": "Initial commit"
              }
            ],
            "default": false,
            "developer_can_merge": false,
            "developer_can_push": false,
            "id": "3:feature/gitlab_module",
            "merged": false,
            "name": "feature/gitlab_module",
            "project": "3",
            "protected": false,
            "ref": "main",
            "web_url": "https://gitlab.kwds.net.ua/2206_WA/2206_WA_Gen_by_Terraform/-/tree/feature/gitlab_module"
          },
          "sensitive_attributes": [],
          "private": "bnVsbA==",
          "dependencies": [
            "module.gitlab.gitlab_group.gtl_gr",
            "module.gitlab.gitlab_project.gtl_pr"
          ]
        }
      ]
    },
    {
      "module": "module.gitlab",
      "mode": "managed",
      "type": "gitlab_branch_protection",
      "name": "gtl_pr_br_pr",
      "provider": "provider[\"registry.terraform.io/gitlabhq/gitlab\"]",
      "instances": [
        {
          "schema_version": 0,
          "attributes": {
            "allow_force_push": false,
            "allowed_to_merge": [],
            "allowed_to_push": [],
            "allowed_to_unprotect": [],
            "branch": "feature/gitlab_module",
            "branch_protection_id": 3,
            "code_owner_approval_required": false,
            "id": "3:feature/gitlab_module",
            "merge_access_level": "developer",
            "project": "3",
            "push_access_level": "developer",
            "unprotect_access_level": "maintainer"
          },
          "sensitive_attributes": [],
          "private": "bnVsbA==",
          "dependencies": [
            "module.gitlab.data.gitlab_user.get_gtl_user",
            "module.gitlab.gitlab_branch.gtl_pr_br",
            "module.gitlab.gitlab_group.gtl_gr",
            "module.gitlab.gitlab_project.gtl_pr"
          ]
        }
      ]
    },
    {
      "module": "module.gitlab",
      "mode": "managed",
      "type": "gitlab_deploy_token",
      "name": "gtl_dp_gr",
      "provider": "provider[\"registry.terraform.io/gitlabhq/gitlab\"]",
      "instances": [
        {
          "schema_version": 1,
          "attributes": {
            "deploy_token_id": 1,
            "expires_at": null,
            "group": "5",
            "id": "group:5:1",
            "name": "2206_WA_Deploy token",
            "project": null,
            "scopes": [
              "read_repository"
            ],
            "token": "4cQpxVAHBEWd2GFMgWHU",
            "username": "gitlab+deploy-token-1"
          },
          "sensitive_attributes": [],
          "private": "eyJzY2hlbWFfdmVyc2lvbiI6IjEifQ==",
          "dependencies": [
            "module.gitlab.gitlab_group.gtl_gr"
          ]
        }
      ]
    },
    {
      "module": "module.gitlab",
      "mode": "managed",
      "type": "gitlab_deploy_token",
      "name": "gtl_dp_pr",
      "provider": "provider[\"registry.terraform.io/gitlabhq/gitlab\"]",
      "instances": [
        {
          "schema_version": 1,
          "attributes": {
            "deploy_token_id": 2,
            "expires_at": "2023-10-14T00:00:00Z",
            "group": null,
            "id": "project:3:2",
            "name": "Group Deploy Token",
            "project": "3",
            "scopes": [
              "read_repository"
            ],
            "token": "4ZsRLc8sXVQ4pKVBQtAv",
            "username": "kycherr"
          },
          "sensitive_attributes": [],
          "private": "eyJzY2hlbWFfdmVyc2lvbiI6IjEifQ==",
          "dependencies": [
            "module.gitlab.gitlab_group.gtl_gr",
            "module.gitlab.gitlab_project.gtl_pr"
          ]
        }
      ]
    },
    {
      "module": "module.gitlab",
      "mode": "managed",
      "type": "gitlab_group",
      "name": "gtl_gr",
      "provider": "provider[\"registry.terraform.io/gitlabhq/gitlab\"]",
      "instances": [
        {
          "schema_version": 0,
          "attributes": {
            "auto_devops_enabled": false,
            "avatar": null,
            "avatar_hash": null,
            "avatar_url": "",
            "default_branch_protection": 2,
            "description": "2206-Group",
            "emails_disabled": false,
            "extra_shared_runners_minutes_limit": 0,
            "full_name": "2206_WA",
            "full_path": "2206_WA",
            "id": "5",
            "ip_restriction_ranges": null,
            "lfs_enabled": true,
            "membership_lock": false,
            "mentions_disabled": false,
            "name": "2206_WA",
            "parent_id": 0,
            "path": "2206_WA",
            "prevent_forking_outside_group": false,
            "project_creation_level": "developer",
            "request_access_enabled": true,
            "require_two_factor_authentication": false,
            "runners_token": "GR1348941nQdxnVLqfFVvys45cqja",
            "share_with_group_lock": false,
            "shared_runners_minutes_limit": 0,
            "subgroup_creation_level": "maintainer",
            "two_factor_grace_period": 48,
            "visibility_level": "public",
            "web_url": "https://gitlab.kwds.net.ua/groups/2206_WA"
          },
          "sensitive_attributes": [],
          "private": "bnVsbA=="
        }
      ]
    },
    {
      "module": "module.gitlab",
      "mode": "managed",
      "type": "gitlab_group_access_token",
      "name": "gtl_gr",
      "provider": "provider[\"registry.terraform.io/gitlabhq/gitlab\"]",
      "instances": [
        {
          "schema_version": 0,
          "attributes": {
            "access_level": "owner",
            "active": true,
            "created_at": "2023-08-21T12:13:21Z",
            "expires_at": "2023-09-30",
            "group": "5",
            "id": "5:2",
            "name": "Group Acces Token",
            "revoked": false,
            "scopes": [
              "api"
            ],
            "token": "glpat-Z1s_xaVuTwaiuqJK-LRa",
            "user_id": 3
          },
          "sensitive_attributes": [],
          "private": "bnVsbA==",
          "dependencies": [
            "module.gitlab.gitlab_group.gtl_gr"
          ]
        }
      ]
    },
    {
      "module": "module.gitlab",
      "mode": "managed",
      "type": "gitlab_group_variable",
      "name": "gtl_gr_var",
      "provider": "provider[\"registry.terraform.io/gitlabhq/gitlab\"]",
      "instances": [
        {
          "schema_version": 0,
          "attributes": {
            "environment_scope": "*",
            "group": "5",
            "id": "5:gat:*",
            "key": "gat",
            "masked": false,
            "protected": false,
            "raw": false,
            "value": "glpat-Z1s_xaVuTwaiuqJK-LRa",
            "variable_type": "env_var"
          },
          "sensitive_attributes": [
            [
              {
                "type": "get_attr",
                "value": "value"
              }
            ]
          ],
          "private": "bnVsbA==",
          "dependencies": [
            "module.gitlab.gitlab_group.gtl_gr",
            "module.gitlab.gitlab_group_access_token.gtl_gr"
          ]
        }
      ]
    },
    {
      "module": "module.gitlab",
      "mode": "managed",
      "type": "gitlab_project",
      "name": "gtl_pr",
      "provider": "provider[\"registry.terraform.io/gitlabhq/gitlab\"]",
      "instances": [
        {
          "schema_version": 0,
          "attributes": {
            "allow_merge_on_skipped_pipeline": false,
            "analytics_access_level": "enabled",
            "approvals_before_merge": 0,
            "archive_on_destroy": null,
            "archived": false,
            "auto_cancel_pending_pipelines": "enabled",
            "auto_devops_deploy_strategy": "continuous",
            "auto_devops_enabled": true,
            "autoclose_referenced_issues": true,
            "avatar": null,
            "avatar_hash": null,
            "avatar_url": "",
            "build_coverage_regex": "",
            "build_git_strategy": "fetch",
            "build_timeout": 3600,
            "builds_access_level": "enabled",
            "ci_config_path": "",
            "ci_default_git_depth": 20,
            "ci_forward_deployment_enabled": true,
            "ci_separated_caches": true,
            "container_expiration_policy": [
              {
                "cadence": "1d",
                "enabled": false,
                "keep_n": 10,
                "name_regex": ".*",
                "name_regex_delete": ".*",
                "name_regex_keep": "",
                "next_run_at": "2023-08-22T12:13:23Z",
                "older_than": "90d"
              }
            ],
            "container_registry_access_level": "enabled",
            "container_registry_enabled": true,
            "default_branch": "main",
            "description": "2206_Gen_by_Terraform gen by terraform",
            "emails_disabled": false,
            "environments_access_level": "enabled",
            "external_authorization_classification_label": "",
            "feature_flags_access_level": "enabled",
            "forked_from_project_id": 0,
            "forking_access_level": "enabled",
            "group_with_project_templates_id": null,
            "http_url_to_repo": "https://gitlab.kwds.net.ua/2206_WA/2206_WA_Gen_by_Terraform.git",
            "id": "3",
            "import_url": "",
            "import_url_password": null,
            "import_url_username": null,
            "infrastructure_access_level": "enabled",
            "initialize_with_readme": true,
            "issues_access_level": "enabled",
            "issues_enabled": true,
            "issues_template": "",
            "keep_latest_artifact": true,
            "lfs_enabled": true,
            "merge_commit_template": "",
            "merge_method": "merge",
            "merge_pipelines_enabled": false,
            "merge_requests_access_level": "enabled",
            "merge_requests_enabled": true,
            "merge_requests_template": "",
            "merge_trains_enabled": false,
            "mirror": false,
            "mirror_overwrites_diverged_branches": false,
            "mirror_trigger_builds": false,
            "monitor_access_level": "enabled",
            "mr_default_target_self": false,
            "name": "2206_WA_Gen_by_Terraform",
            "namespace_id": 5,
            "only_allow_merge_if_all_discussions_are_resolved": false,
            "only_allow_merge_if_pipeline_succeeds": false,
            "only_mirror_protected_branches": false,
            "packages_enabled": true,
            "pages_access_level": "private",
            "path": "2206_WA_Gen_by_Terraform",
            "path_with_namespace": "2206_WA/2206_WA_Gen_by_Terraform",
            "pipelines_enabled": true,
            "printing_merge_request_link_enabled": true,
            "public_builds": true,
            "push_rules": [],
            "releases_access_level": "enabled",
            "remove_source_branch_after_merge": true,
            "repository_access_level": "enabled",
            "repository_storage": "default",
            "request_access_enabled": true,
            "requirements_access_level": "",
            "resolve_outdated_diff_discussions": false,
            "restrict_user_defined_variables": false,
            "runners_token": "GR1348941NSBM9_qtY2KDeApWSANM",
            "security_and_compliance_access_level": "private",
            "shared_runners_enabled": true,
            "skip_wait_for_default_branch_protection": null,
            "snippets_access_level": "enabled",
            "snippets_enabled": true,
            "squash_commit_template": "",
            "squash_option": "default_off",
            "ssh_url_to_repo": "git@gitlab.kwds.net.ua:2206_WA/2206_WA_Gen_by_Terraform.git",
            "suggestion_commit_message": "",
            "tags": [],
            "template_name": null,
            "template_project_id": null,
            "topics": [],
            "use_custom_template": null,
            "visibility_level": "private",
            "web_url": "https://gitlab.kwds.net.ua/2206_WA/2206_WA_Gen_by_Terraform",
            "wiki_access_level": "enabled",
            "wiki_enabled": true
          },
          "sensitive_attributes": [],
          "private": "bnVsbA==",
          "dependencies": [
            "module.gitlab.gitlab_group.gtl_gr"
          ]
        }
      ]
    }
  ],
  "check_results": null
}
